// !$*UTF8*$!
{
	archiveVersion = 1;
	classes = {
	};
	objectVersion = 46;
	objects = {

/* Begin PBXBuildFile section */
		D31993231E23B2C700FD43AB /* UIPasteboard+Extensions.swift in Sources */ = {isa = PBXBuildFile; fileRef = D31993221E23B2C700FD43AB /* UIPasteboard+Extensions.swift */; };
		D31993271E23B6B500FD43AB /* UINavigationBar+Extensions.swift in Sources */ = {isa = PBXBuildFile; fileRef = D31993261E23B6B500FD43AB /* UINavigationBar+Extensions.swift */; };
		D31993291E23B70600FD43AB /* UIToolbar+Extensions.swift in Sources */ = {isa = PBXBuildFile; fileRef = D31993281E23B70600FD43AB /* UIToolbar+Extensions.swift */; };
		D319932B1E23B79500FD43AB /* UIWebView+Extensions.swift in Sources */ = {isa = PBXBuildFile; fileRef = D319932A1E23B79500FD43AB /* UIWebView+Extensions.swift */; };
		D33D8E7E1E01A0F300C62400 /* AppDelegate.swift in Sources */ = {isa = PBXBuildFile; fileRef = D33D8E7D1E01A0F300C62400 /* AppDelegate.swift */; };
		D33D8E831E01A0F300C62400 /* Main.storyboard in Resources */ = {isa = PBXBuildFile; fileRef = D33D8E811E01A0F300C62400 /* Main.storyboard */; };
		D33D8E851E01A0F300C62400 /* Assets.xcassets in Resources */ = {isa = PBXBuildFile; fileRef = D33D8E841E01A0F300C62400 /* Assets.xcassets */; };
		D33D8E881E01A0F300C62400 /* LaunchScreen.storyboard in Resources */ = {isa = PBXBuildFile; fileRef = D33D8E861E01A0F300C62400 /* LaunchScreen.storyboard */; };
		D33D8E901E01A2FB00C62400 /* Bundle+Extensions.swift in Sources */ = {isa = PBXBuildFile; fileRef = D33D8E8F1E01A2FB00C62400 /* Bundle+Extensions.swift */; };
		D33D8E921E01A44500C62400 /* UIApplication+Extensions.swift in Sources */ = {isa = PBXBuildFile; fileRef = D33D8E911E01A44500C62400 /* UIApplication+Extensions.swift */; };
		D33D8E961E01B41B00C62400 /* UIScreen+Extensions.swift in Sources */ = {isa = PBXBuildFile; fileRef = D33D8E951E01B41B00C62400 /* UIScreen+Extensions.swift */; };
		D33D8E981E01B48D00C62400 /* UIDevice+Extensions.swift in Sources */ = {isa = PBXBuildFile; fileRef = D33D8E971E01B48D00C62400 /* UIDevice+Extensions.swift */; };
		D33D8E9A1E01B6A900C62400 /* String+Extensions.swift in Sources */ = {isa = PBXBuildFile; fileRef = D33D8E991E01B6A900C62400 /* String+Extensions.swift */; };
		D33D8E9C1E01BE7F00C62400 /* Dictionary+Extensions.swift in Sources */ = {isa = PBXBuildFile; fileRef = D33D8E9B1E01BE7F00C62400 /* Dictionary+Extensions.swift */; };
/* End PBXBuildFile section */

/* Begin PBXFileReference section */
		D31993221E23B2C700FD43AB /* UIPasteboard+Extensions.swift */ = {isa = PBXFileReference; fileEncoding = 4; lastKnownFileType = sourcecode.swift; path = "UIPasteboard+Extensions.swift"; sourceTree = "<group>"; };
		D31993261E23B6B500FD43AB /* UINavigationBar+Extensions.swift */ = {isa = PBXFileReference; fileEncoding = 4; lastKnownFileType = sourcecode.swift; path = "UINavigationBar+Extensions.swift"; sourceTree = "<group>"; };
		D31993281E23B70600FD43AB /* UIToolbar+Extensions.swift */ = {isa = PBXFileReference; fileEncoding = 4; lastKnownFileType = sourcecode.swift; path = "UIToolbar+Extensions.swift"; sourceTree = "<group>"; };
		D319932A1E23B79500FD43AB /* UIWebView+Extensions.swift */ = {isa = PBXFileReference; fileEncoding = 4; lastKnownFileType = sourcecode.swift; path = "UIWebView+Extensions.swift"; sourceTree = "<group>"; };
		D33D8E7A1E01A0F300C62400 /* Swift+Extensions.app */ = {isa = PBXFileReference; explicitFileType = wrapper.application; includeInIndex = 0; path = "Swift+Extensions.app"; sourceTree = BUILT_PRODUCTS_DIR; };
		D33D8E7D1E01A0F300C62400 /* AppDelegate.swift */ = {isa = PBXFileReference; lastKnownFileType = sourcecode.swift; path = AppDelegate.swift; sourceTree = "<group>"; };
		D33D8E821E01A0F300C62400 /* Base */ = {isa = PBXFileReference; lastKnownFileType = file.storyboard; name = Base; path = Base.lproj/Main.storyboard; sourceTree = "<group>"; };
		D33D8E841E01A0F300C62400 /* Assets.xcassets */ = {isa = PBXFileReference; lastKnownFileType = folder.assetcatalog; path = Assets.xcassets; sourceTree = "<group>"; };
		D33D8E871E01A0F300C62400 /* Base */ = {isa = PBXFileReference; lastKnownFileType = file.storyboard; name = Base; path = Base.lproj/LaunchScreen.storyboard; sourceTree = "<group>"; };
		D33D8E891E01A0F300C62400 /* Info.plist */ = {isa = PBXFileReference; lastKnownFileType = text.plist.xml; path = Info.plist; sourceTree = "<group>"; };
		D33D8E8F1E01A2FB00C62400 /* Bundle+Extensions.swift */ = {isa = PBXFileReference; fileEncoding = 4; lastKnownFileType = sourcecode.swift; path = "Bundle+Extensions.swift"; sourceTree = "<group>"; };
		D33D8E911E01A44500C62400 /* UIApplication+Extensions.swift */ = {isa = PBXFileReference; fileEncoding = 4; lastKnownFileType = sourcecode.swift; path = "UIApplication+Extensions.swift"; sourceTree = "<group>"; };
		D33D8E951E01B41B00C62400 /* UIScreen+Extensions.swift */ = {isa = PBXFileReference; fileEncoding = 4; lastKnownFileType = sourcecode.swift; path = "UIScreen+Extensions.swift"; sourceTree = "<group>"; };
		D33D8E971E01B48D00C62400 /* UIDevice+Extensions.swift */ = {isa = PBXFileReference; fileEncoding = 4; lastKnownFileType = sourcecode.swift; path = "UIDevice+Extensions.swift"; sourceTree = "<group>"; };
		D33D8E991E01B6A900C62400 /* String+Extensions.swift */ = {isa = PBXFileReference; fileEncoding = 4; lastKnownFileType = sourcecode.swift; path = "String+Extensions.swift"; sourceTree = "<group>"; };
		D33D8E9B1E01BE7F00C62400 /* Dictionary+Extensions.swift */ = {isa = PBXFileReference; fileEncoding = 4; lastKnownFileType = sourcecode.swift; path = "Dictionary+Extensions.swift"; sourceTree = "<group>"; };
/* End PBXFileReference section */

/* Begin PBXFrameworksBuildPhase section */
		D33D8E771E01A0F300C62400 /* Frameworks */ = {
			isa = PBXFrameworksBuildPhase;
			buildActionMask = 2147483647;
			files = (
			);
			runOnlyForDeploymentPostprocessing = 0;
		};
/* End PBXFrameworksBuildPhase section */

/* Begin PBXGroup section */
		D33D8E711E01A0F300C62400 = {
			isa = PBXGroup;
			children = (
				D33D8E7C1E01A0F300C62400 /* Swift+Extensions */,
				D33D8E7B1E01A0F300C62400 /* Products */,
			);
			sourceTree = "<group>";
		};
		D33D8E7B1E01A0F300C62400 /* Products */ = {
			isa = PBXGroup;
			children = (
				D33D8E7A1E01A0F300C62400 /* Swift+Extensions.app */,
			);
			name = Products;
			sourceTree = "<group>";
		};
		D33D8E7C1E01A0F300C62400 /* Swift+Extensions */ = {
			isa = PBXGroup;
			children = (
				D33D8E7D1E01A0F300C62400 /* AppDelegate.swift */,
				D33D8E811E01A0F300C62400 /* Main.storyboard */,
				D33D8E841E01A0F300C62400 /* Assets.xcassets */,
				D33D8E861E01A0F300C62400 /* LaunchScreen.storyboard */,
				D33D8E891E01A0F300C62400 /* Info.plist */,
				D33D8E8F1E01A2FB00C62400 /* Bundle+Extensions.swift */,
				D33D8E911E01A44500C62400 /* UIApplication+Extensions.swift */,
				D33D8E951E01B41B00C62400 /* UIScreen+Extensions.swift */,
				D33D8E971E01B48D00C62400 /* UIDevice+Extensions.swift */,
				D33D8E991E01B6A900C62400 /* String+Extensions.swift */,
				D33D8E9B1E01BE7F00C62400 /* Dictionary+Extensions.swift */,
				D31993221E23B2C700FD43AB /* UIPasteboard+Extensions.swift */,
				D31993261E23B6B500FD43AB /* UINavigationBar+Extensions.swift */,
				D31993281E23B70600FD43AB /* UIToolbar+Extensions.swift */,
				D319932A1E23B79500FD43AB /* UIWebView+Extensions.swift */,
			);
			path = "Swift+Extensions";
			sourceTree = "<group>";
		};
/* End PBXGroup section */

/* Begin PBXNativeTarget section */
		D33D8E791E01A0F300C62400 /* Swift+Extensions */ = {
			isa = PBXNativeTarget;
			buildConfigurationList = D33D8E8C1E01A0F300C62400 /* Build configuration list for PBXNativeTarget "Swift+Extensions" */;
			buildPhases = (
				D33D8E761E01A0F300C62400 /* Sources */,
				D33D8E771E01A0F300C62400 /* Frameworks */,
				D33D8E781E01A0F300C62400 /* Resources */,
			);
			buildRules = (
			);
			dependencies = (
			);
			name = "Swift+Extensions";
			productName = "Swift+Extensions";
			productReference = D33D8E7A1E01A0F300C62400 /* Swift+Extensions.app */;
			productType = "com.apple.product-type.application";
		};
/* End PBXNativeTarget section */

/* Begin PBXProject section */
		D33D8E721E01A0F300C62400 /* Project object */ = {
			isa = PBXProject;
			attributes = {
				LastSwiftUpdateCheck = 0800;
				LastUpgradeCheck = 0800;
				ORGANIZATIONNAME = BitInvent;
				TargetAttributes = {
					D33D8E791E01A0F300C62400 = {
						CreatedOnToolsVersion = 8.0;
						DevelopmentTeam = 4JASANY5YC;
						ProvisioningStyle = Automatic;
					};
				};
			};
			buildConfigurationList = D33D8E751E01A0F300C62400 /* Build configuration list for PBXProject "Swift+Extensions" */;
			compatibilityVersion = "Xcode 3.2";
			developmentRegion = English;
			hasScannedForEncodings = 0;
			knownRegions = (
				en,
				Base,
			);
			mainGroup = D33D8E711E01A0F300C62400;
			productRefGroup = D33D8E7B1E01A0F300C62400 /* Products */;
			projectDirPath = "";
			projectRoot = "";
			targets = (
				D33D8E791E01A0F300C62400 /* Swift+Extensions */,
			);
		};
/* End PBXProject section */

/* Begin PBXResourcesBuildPhase section */
		D33D8E781E01A0F300C62400 /* Resources */ = {
			isa = PBXResourcesBuildPhase;
			buildActionMask = 2147483647;
			files = (
				D33D8E881E01A0F300C62400 /* LaunchScreen.storyboard in Resources */,
				D33D8E851E01A0F300C62400 /* Assets.xcassets in Resources */,
				D33D8E831E01A0F300C62400 /* Main.storyboard in Resources */,
			);
			runOnlyForDeploymentPostprocessing = 0;
		};
/* End PBXResourcesBuildPhase section */

/* Begin PBXSourcesBuildPhase section */
		D33D8E761E01A0F300C62400 /* Sources */ = {
			isa = PBXSourcesBuildPhase;
			buildActionMask = 2147483647;
			files = (
				D33D8E7E1E01A0F300C62400 /* AppDelegate.swift in Sources */,
				D33D8E961E01B41B00C62400 /* UIScreen+Extensions.swift in Sources */,
				D33D8E901E01A2FB00C62400 /* Bundle+Extensions.swift in Sources */,
				D33D8E9C1E01BE7F00C62400 /* Dictionary+Extensions.swift in Sources */,
				D33D8E981E01B48D00C62400 /* UIDevice+Extensions.swift in Sources */,
				D319932B1E23B79500FD43AB /* UIWebView+Extensions.swift in Sources */,
				D31993291E23B70600FD43AB /* UIToolbar+Extensions.swift in Sources */,
				D31993271E23B6B500FD43AB /* UINavigationBar+Extensions.swift in Sources */,
				D33D8E9A1E01B6A900C62400 /* String+Extensions.swift in Sources */,
				D31993231E23B2C700FD43AB /* UIPasteboard+Extensions.swift in Sources */,
				D33D8E921E01A44500C62400 /* UIApplication+Extensions.swift in Sources */,
			);
			runOnlyForDeploymentPostprocessing = 0;
		};
/* End PBXSourcesBuildPhase section */

/* Begin PBXVariantGroup section */
		D33D8E811E01A0F300C62400 /* Main.storyboard */ = {
			isa = PBXVariantGroup;
			children = (
				D33D8E821E01A0F300C62400 /* Base */,
			);
			name = Main.storyboard;
			sourceTree = "<group>";
		};
		D33D8E861E01A0F300C62400 /* LaunchScreen.storyboard */ = {
			isa = PBXVariantGroup;
			children = (
				D33D8E871E01A0F300C62400 /* Base */,
			);
			name = LaunchScreen.storyboard;
			sourceTree = "<group>";
		};
/* End PBXVariantGroup section */

/* Begin XCBuildConfiguration section */
		D33D8E8A1E01A0F300C62400 /* Debug */ = {
			isa = XCBuildConfiguration;
			buildSettings = {
				ALWAYS_SEARCH_USER_PATHS = NO;
				CLANG_ANALYZER_NONNULL = YES;
				CLANG_CXX_LANGUAGE_STANDARD = "gnu++0x";
				CLANG_CXX_LIBRARY = "libc++";
				CLANG_ENABLE_MODULES = YES;
				CLANG_ENABLE_OBJC_ARC = YES;
				CLANG_WARN_BOOL_CONVERSION = YES;
				CLANG_WARN_CONSTANT_CONVERSION = YES;
				CLANG_WARN_DIRECT_OBJC_ISA_USAGE = YES_ERROR;
				CLANG_WARN_DOCUMENTATION_COMMENTS = YES;
				CLANG_WARN_EMPTY_BODY = YES;
				CLANG_WARN_ENUM_CONVERSION = YES;
				CLANG_WARN_INFINITE_RECURSION = YES;
				CLANG_WARN_INT_CONVERSION = YES;
				CLANG_WARN_OBJC_ROOT_CLASS = YES_ERROR;
				CLANG_WARN_SUSPICIOUS_MOVES = YES;
				CLANG_WARN_UNREACHABLE_CODE = YES;
				CLANG_WARN__DUPLICATE_METHOD_MATCH = YES;
				"CODE_SIGN_IDENTITY[sdk=iphoneos*]" = "iPhone Developer";
				COPY_PHASE_STRIP = NO;
				DEBUG_INFORMATION_FORMAT = dwarf;
				ENABLE_STRICT_OBJC_MSGSEND = YES;
				ENABLE_TESTABILITY = YES;
				GCC_C_LANGUAGE_STANDARD = gnu99;
				GCC_DYNAMIC_NO_PIC = NO;
				GCC_NO_COMMON_BLOCKS = YES;
				GCC_OPTIMIZATION_LEVEL = 0;
				GCC_PREPROCESSOR_DEFINITIONS = (
					"DEBUG=1",
					"$(inherited)",
				);
				GCC_WARN_64_TO_32_BIT_CONVERSION = YES;
				GCC_WARN_ABOUT_RETURN_TYPE = YES_ERROR;
				GCC_WARN_UNDECLARED_SELECTOR = YES;
				GCC_WARN_UNINITIALIZED_AUTOS = YES_AGGRESSIVE;
				GCC_WARN_UNUSED_FUNCTION = YES;
				GCC_WARN_UNUSED_VARIABLE = YES;
				IPHONEOS_DEPLOYMENT_TARGET = 10.0;
				MTL_ENABLE_DEBUG_INFO = YES;
				ONLY_ACTIVE_ARCH = YES;
				SDKROOT = iphoneos;
				SWIFT_ACTIVE_COMPILATION_CONDITIONS = DEBUG;
				SWIFT_OPTIMIZATION_LEVEL = "-Onone";
			};
			name = Debug;
		};
		D33D8E8B1E01A0F300C62400 /* Release */ = {
			isa = XCBuildConfiguration;
			buildSettings = {
				ALWAYS_SEARCH_USER_PATHS = NO;
				CLANG_ANALYZER_NONNULL = YES;
				CLANG_CXX_LANGUAGE_STANDARD = "gnu++0x";
				CLANG_CXX_LIBRARY = "libc++";
				CLANG_ENABLE_MODULES = YES;
				CLANG_ENABLE_OBJC_ARC = YES;
				CLANG_WARN_BOOL_CONVERSION = YES;
				CLANG_WARN_CONSTANT_CONVERSION = YES;
				CLANG_WARN_DIRECT_OBJC_ISA_USAGE = YES_ERROR;
				CLANG_WARN_DOCUMENTATION_COMMENTS = YES;
				CLANG_WARN_EMPTY_BODY = YES;
				CLANG_WARN_ENUM_CONVERSION = YES;
				CLANG_WARN_INFINITE_RECURSION = YES;
				CLANG_WARN_INT_CONVERSION = YES;
				CLANG_WARN_OBJC_ROOT_CLASS = YES_ERROR;
				CLANG_WARN_SUSPICIOUS_MOVES = YES;
				CLANG_WARN_UNREACHABLE_CODE = YES;
				CLANG_WARN__DUPLICATE_METHOD_MATCH = YES;
				"CODE_SIGN_IDENTITY[sdk=iphoneos*]" = "iPhone Developer";
				COPY_PHASE_STRIP = NO;
				DEBUG_INFORMATION_FORMAT = "dwarf-with-dsym";
				ENABLE_NS_ASSERTIONS = NO;
				ENABLE_STRICT_OBJC_MSGSEND = YES;
				GCC_C_LANGUAGE_STANDARD = gnu99;
				GCC_NO_COMMON_BLOCKS = YES;
				GCC_WARN_64_TO_32_BIT_CONVERSION = YES;
				GCC_WARN_ABOUT_RETURN_TYPE = YES_ERROR;
				GCC_WARN_UNDECLARED_SELECTOR = YES;
				GCC_WARN_UNINITIALIZED_AUTOS = YES_AGGRESSIVE;
				GCC_WARN_UNUSED_FUNCTION = YES;
				GCC_WARN_UNUSED_VARIABLE = YES;
				IPHONEOS_DEPLOYMENT_TARGET = 10.0;
				MTL_ENABLE_DEBUG_INFO = NO;
				SDKROOT = iphoneos;
				SWIFT_OPTIMIZATION_LEVEL = "-Owholemodule";
				VALIDATE_PRODUCT = YES;
			};
			name = Release;
		};
		D33D8E8D1E01A0F300C62400 /* Debug */ = {
			isa = XCBuildConfiguration;
			buildSettings = {
				ASSETCATALOG_COMPILER_APPICON_NAME = AppIcon;
				DEVELOPMENT_TEAM = 4JASANY5YC;
				INFOPLIST_FILE = "Swift+Extensions/Info.plist";
				IPHONEOS_DEPLOYMENT_TARGET = 9.3;
				LD_RUNPATH_SEARCH_PATHS = "$(inherited) @executable_path/Frameworks";
				PRODUCT_BUNDLE_IDENTIFIER = "io.bitinvent.Swift-Extensions";
				PRODUCT_NAME = "$(TARGET_NAME)";
				SWIFT_VERSION = 3.0;
			};
			name = Debug;
		};
		D33D8E8E1E01A0F300C62400 /* Release */ = {
			isa = XCBuildConfiguration;
			buildSettings = {
				ASSETCATALOG_COMPILER_APPICON_NAME = AppIcon;
				DEVELOPMENT_TEAM = 4JASANY5YC;
				INFOPLIST_FILE = "Swift+Extensions/Info.plist";
				IPHONEOS_DEPLOYMENT_TARGET = 9.3;
				LD_RUNPATH_SEARCH_PATHS = "$(inherited) @executable_path/Frameworks";
				PRODUCT_BUNDLE_IDENTIFIER = "io.bitinvent.Swift-Extensions";
				PRODUCT_NAME = "$(TARGET_NAME)";
				SWIFT_VERSION = 3.0;
			};
			name = Release;
		};
/* End XCBuildConfiguration section */

/* Begin XCConfigurationList section */
		D33D8E751E01A0F300C62400 /* Build configuration list for PBXProject "Swift+Extensions" */ = {
			isa = XCConfigurationList;
			buildConfigurations = (
				D33D8E8A1E01A0F300C62400 /* Debug */,
				D33D8E8B1E01A0F300C62400 /* Release */,
			);
			defaultConfigurationIsVisible = 0;
			defaultConfigurationName = Release;
		};
		D33D8E8C1E01A0F300C62400 /* Build configuration list for PBXNativeTarget "Swift+Extensions" */ = {
			isa = XCConfigurationList;
			buildConfigurations = (
				D33D8E8D1E01A0F300C62400 /* Debug */,
				D33D8E8E1E01A0F300C62400 /* Release */,
			);
			defaultConfigurationIsVisible = 0;
			defaultConfigurationName = Release;
		};
/* End XCConfigurationList section */
	};
	rootObject = D33D8E721E01A0F300C62400 /* Project object */;
}
